
Microsoft Visual Studio Solution File, Format Version 12.00
# Visual Studio Version 16
VisualStudioVersion = 16.0.32510.428
MinimumVisualStudioVersion = 10.0.40219.1
Project("{FAE04EC0-301F-11D3-BF4B-00C04F79EFBC}") = "DusDus", "DusDus.csproj", "{6A819151-3F2F-469A-8402-81B98F2DD2DF}"
EndProject
Global
	GlobalSection(SolutionConfigurationPlatforms) = preSolution
		Debug|Any CPU = Debug|Any CPU
		Release|Any CPU = Release|Any CPU
	EndGlobalSection
	GlobalSection(ProjectConfigurationPlatforms) = postSolution
		{6A819151-3F2F-469A-8402-81B98F2DD2DF}.Debug|Any CPU.ActiveCfg = Debug|Any CPU
		{6A819151-3F2F-469A-8402-81B98F2DD2DF}.Debug|Any CPU.Build.0 = Debug|Any CPU
		{6A819151-3F2F-469A-8402-81B98F2DD2DF}.Release|Any CPU.ActiveCfg = Release|Any CPU
		{6A819151-3F2F-469A-8402-81B98F2DD2DF}.Release|Any CPU.Build.0 = Release|Any CPU
	EndGlobalSection
	GlobalSection(SolutionProperties) = preSolution
		HideSolutionNode = FALSE
	EndGlobalSection
	GlobalSection(ExtensibilityGlobals) = postSolution
		SolutionGuid = {8188AC69-D7DD-48FE-8068-D70A0539ADB6}
	EndGlobalSection
EndGlobal
